
Microsoft Visual Studio Solution File, Format Version 12.00
# Visual Studio Version 16
VisualStudioVersion = 16.0.30611.23
MinimumVisualStudioVersion = 15.0.26124.0
Project("{9A19103F-16F7-4668-BE54-9A1E7A4F7556}") = "OMTECH.WorkFlow.Data", "OMTECH.WorkFlow.Data\OMTECH.WorkFlow.Data.csproj", "{24D62634-7A9F-4DE2-9FC4-093B1549538C}"
EndProject
Project("{9A19103F-16F7-4668-BE54-9A1E7A4F7556}") = "OMTECH.WorkFlow.Data.Tests", "OMTECH.WorkFlow.Data.Tests\OMTECH.WorkFlow.Data.Tests.csproj", "{71291D38-D6A8-4B1B-9AE9-F40074C636BB}"
EndProject
Project("{9A19103F-16F7-4668-BE54-9A1E7A4F7556}") = "OMTECH.WorkFlow", "OMTECH.WorkFlow.Web\OMTECH.WorkFlow.csproj", "{660ADFB5-58CD-4171-9D96-A96007806D50}"
EndProject
Global
	GlobalSection(SolutionConfigurationPlatforms) = preSolution
		Debug|Any CPU = Debug|Any CPU
		Debug|x64 = Debug|x64
		Debug|x86 = Debug|x86
		Release|Any CPU = Release|Any CPU
		Release|x64 = Release|x64
		Release|x86 = Release|x86
	EndGlobalSection
	GlobalSection(ProjectConfigurationPlatforms) = postSolution
		{24D62634-7A9F-4DE2-9FC4-093B1549538C}.Debug|Any CPU.ActiveCfg = Debug|Any CPU
		{24D62634-7A9F-4DE2-9FC4-093B1549538C}.Debug|Any CPU.Build.0 = Debug|Any CPU
		{24D62634-7A9F-4DE2-9FC4-093B1549538C}.Debug|x64.ActiveCfg = Debug|Any CPU
		{24D62634-7A9F-4DE2-9FC4-093B1549538C}.Debug|x64.Build.0 = Debug|Any CPU
		{24D62634-7A9F-4DE2-9FC4-093B1549538C}.Debug|x86.ActiveCfg = Debug|Any CPU
		{24D62634-7A9F-4DE2-9FC4-093B1549538C}.Debug|x86.Build.0 = Debug|Any CPU
		{24D62634-7A9F-4DE2-9FC4-093B1549538C}.Release|Any CPU.ActiveCfg = Release|Any CPU
		{24D62634-7A9F-4DE2-9FC4-093B1549538C}.Release|Any CPU.Build.0 = Release|Any CPU
		{24D62634-7A9F-4DE2-9FC4-093B1549538C}.Release|x64.ActiveCfg = Release|Any CPU
		{24D62634-7A9F-4DE2-9FC4-093B1549538C}.Release|x64.Build.0 = Release|Any CPU
		{24D62634-7A9F-4DE2-9FC4-093B1549538C}.Release|x86.ActiveCfg = Release|Any CPU
		{24D62634-7A9F-4DE2-9FC4-093B1549538C}.Release|x86.Build.0 = Release|Any CPU
		{71291D38-D6A8-4B1B-9AE9-F40074C636BB}.Debug|Any CPU.ActiveCfg = Debug|Any CPU
		{71291D38-D6A8-4B1B-9AE9-F40074C636BB}.Debug|Any CPU.Build.0 = Debug|Any CPU
		{71291D38-D6A8-4B1B-9AE9-F40074C636BB}.Debug|x64.ActiveCfg = Debug|Any CPU
		{71291D38-D6A8-4B1B-9AE9-F40074C636BB}.Debug|x64.Build.0 = Debug|Any CPU
		{71291D38-D6A8-4B1B-9AE9-F40074C636BB}.Debug|x86.ActiveCfg = Debug|Any CPU
		{71291D38-D6A8-4B1B-9AE9-F40074C636BB}.Debug|x86.Build.0 = Debug|Any CPU
		{71291D38-D6A8-4B1B-9AE9-F40074C636BB}.Release|Any CPU.ActiveCfg = Release|Any CPU
		{71291D38-D6A8-4B1B-9AE9-F40074C636BB}.Release|Any CPU.Build.0 = Release|Any CPU
		{71291D38-D6A8-4B1B-9AE9-F40074C636BB}.Release|x64.ActiveCfg = Release|Any CPU
		{71291D38-D6A8-4B1B-9AE9-F40074C636BB}.Release|x64.Build.0 = Release|Any CPU
		{71291D38-D6A8-4B1B-9AE9-F40074C636BB}.Release|x86.ActiveCfg = Release|Any CPU
		{71291D38-D6A8-4B1B-9AE9-F40074C636BB}.Release|x86.Build.0 = Release|Any CPU
		{660ADFB5-58CD-4171-9D96-A96007806D50}.Debug|Any CPU.ActiveCfg = Debug|Any CPU
		{660ADFB5-58CD-4171-9D96-A96007806D50}.Debug|Any CPU.Build.0 = Debug|Any CPU
		{660ADFB5-58CD-4171-9D96-A96007806D50}.Debug|x64.ActiveCfg = Debug|Any CPU
		{660ADFB5-58CD-4171-9D96-A96007806D50}.Debug|x64.Build.0 = Debug|Any CPU
		{660ADFB5-58CD-4171-9D96-A96007806D50}.Debug|x86.ActiveCfg = Debug|Any CPU
		{660ADFB5-58CD-4171-9D96-A96007806D50}.Debug|x86.Build.0 = Debug|Any CPU
		{660ADFB5-58CD-4171-9D96-A96007806D50}.Release|Any CPU.ActiveCfg = Release|Any CPU
		{660ADFB5-58CD-4171-9D96-A96007806D50}.Release|Any CPU.Build.0 = Release|Any CPU
		{660ADFB5-58CD-4171-9D96-A96007806D50}.Release|x64.ActiveCfg = Release|Any CPU
		{660ADFB5-58CD-4171-9D96-A96007806D50}.Release|x64.Build.0 = Release|Any CPU
		{660ADFB5-58CD-4171-9D96-A96007806D50}.Release|x86.ActiveCfg = Release|Any CPU
		{660ADFB5-58CD-4171-9D96-A96007806D50}.Release|x86.Build.0 = Release|Any CPU
	EndGlobalSection
	GlobalSection(SolutionProperties) = preSolution
		HideSolutionNode = FALSE
	EndGlobalSection
	GlobalSection(ExtensibilityGlobals) = postSolution
		SolutionGuid = {FA95F4F3-7659-40FF-BB9D-70B6687DC88B}
	EndGlobalSection
EndGlobal
